
Microsoft Visual Studio Solution File, Format Version 12.00
# Visual Studio 15
VisualStudioVersion = 15.0.26608.5
MinimumVisualStudioVersion = 10.0.40219.1
Project("{D954291E-2A0B-460D-934E-DC6B0785DB48}") = "shootarama", "shootarama\shootarama.shproj", "{E213DBA8-8C27-41E6-A55D-C29A3407F984}"
EndProject
Project("{FAE04EC0-301F-11D3-BF4B-00C04F79EFBC}") = "shootarama.Android", "shootarama.Android\shootarama.Android.csproj", "{8459B9D2-0F42-43A4-903B-70E23E26C804}"
EndProject
Project("{FAE04EC0-301F-11D3-BF4B-00C04F79EFBC}") = "shootarama.iOS", "shootarama.iOS\shootarama.iOS.csproj", "{0BCA3D88-8B70-4A0D-9783-FE61E8FEF38C}"
EndProject
Project("{FAE04EC0-301F-11D3-BF4B-00C04F79EFBC}") = "shootarama.UWP", "shootarama.UWP\shootarama.UWP.csproj", "{4ACA0099-E538-444A-8859-8C241FE7F409}"
EndProject
Global
	GlobalSection(SharedMSBuildProjectFiles) = preSolution
		shootarama\shootarama.projitems*{0bca3d88-8b70-4a0d-9783-fe61e8fef38c}*SharedItemsImports = 4
		shootarama\shootarama.projitems*{4aca0099-e538-444a-8859-8c241fe7f409}*SharedItemsImports = 4
		shootarama\shootarama.projitems*{8459b9d2-0f42-43a4-903b-70e23e26c804}*SharedItemsImports = 4
		shootarama\shootarama.projitems*{e213dba8-8c27-41e6-a55d-c29a3407f984}*SharedItemsImports = 13
	EndGlobalSection
	GlobalSection(SolutionConfigurationPlatforms) = preSolution
		Ad-Hoc|Any CPU = Ad-Hoc|Any CPU
		Ad-Hoc|ARM = Ad-Hoc|ARM
		Ad-Hoc|iPhone = Ad-Hoc|iPhone
		Ad-Hoc|iPhoneSimulator = Ad-Hoc|iPhoneSimulator
		Ad-Hoc|x64 = Ad-Hoc|x64
		Ad-Hoc|x86 = Ad-Hoc|x86
		AppStore|Any CPU = AppStore|Any CPU
		AppStore|ARM = AppStore|ARM
		AppStore|iPhone = AppStore|iPhone
		AppStore|iPhoneSimulator = AppStore|iPhoneSimulator
		AppStore|x64 = AppStore|x64
		AppStore|x86 = AppStore|x86
		Debug|Any CPU = Debug|Any CPU
		Debug|ARM = Debug|ARM
		Debug|iPhone = Debug|iPhone
		Debug|iPhoneSimulator = Debug|iPhoneSimulator
		Debug|x64 = Debug|x64
		Debug|x86 = Debug|x86
		Release|Any CPU = Release|Any CPU
		Release|ARM = Release|ARM
		Release|iPhone = Release|iPhone
		Release|iPhoneSimulator = Release|iPhoneSimulator
		Release|x64 = Release|x64
		Release|x86 = Release|x86
	EndGlobalSection
	GlobalSection(ProjectConfigurationPlatforms) = postSolution
		{8459B9D2-0F42-43A4-903B-70E23E26C804}.Ad-Hoc|Any CPU.ActiveCfg = Release|Any CPU
		{8459B9D2-0F42-43A4-903B-70E23E26C804}.Ad-Hoc|Any CPU.Build.0 = Release|Any CPU
		{8459B9D2-0F42-43A4-903B-70E23E26C804}.Ad-Hoc|Any CPU.Deploy.0 = Release|Any CPU
		{8459B9D2-0F42-43A4-903B-70E23E26C804}.Ad-Hoc|ARM.ActiveCfg = Release|Any CPU
		{8459B9D2-0F42-43A4-903B-70E23E26C804}.Ad-Hoc|ARM.Build.0 = Release|Any CPU
		{8459B9D2-0F42-43A4-903B-70E23E26C804}.Ad-Hoc|ARM.Deploy.0 = Release|Any CPU
		{8459B9D2-0F42-43A4-903B-70E23E26C804}.Ad-Hoc|iPhone.ActiveCfg = Release|Any CPU
		{8459B9D2-0F42-43A4-903B-70E23E26C804}.Ad-Hoc|iPhone.Build.0 = Release|Any CPU
		{8459B9D2-0F42-43A4-903B-70E23E26C804}.Ad-Hoc|iPhone.Deploy.0 = Release|Any CPU
		{8459B9D2-0F42-43A4-903B-70E23E26C804}.Ad-Hoc|iPhoneSimulator.ActiveCfg = Release|Any CPU
		{8459B9D2-0F42-43A4-903B-70E23E26C804}.Ad-Hoc|iPhoneSimulator.Build.0 = Release|Any CPU
		{8459B9D2-0F42-43A4-903B-70E23E26C804}.Ad-Hoc|iPhoneSimulator.Deploy.0 = Release|Any CPU
		{8459B9D2-0F42-43A4-903B-70E23E26C804}.Ad-Hoc|x64.ActiveCfg = Release|Any CPU
		{8459B9D2-0F42-43A4-903B-70E23E26C804}.Ad-Hoc|x64.Build.0 = Release|Any CPU
		{8459B9D2-0F42-43A4-903B-70E23E26C804}.Ad-Hoc|x64.Deploy.0 = Release|Any CPU
		{8459B9D2-0F42-43A4-903B-70E23E26C804}.Ad-Hoc|x86.ActiveCfg = Release|Any CPU
		{8459B9D2-0F42-43A4-903B-70E23E26C804}.Ad-Hoc|x86.Build.0 = Release|Any CPU
		{8459B9D2-0F42-43A4-903B-70E23E26C804}.Ad-Hoc|x86.Deploy.0 = Release|Any CPU
		{8459B9D2-0F42-43A4-903B-70E23E26C804}.AppStore|Any CPU.ActiveCfg = Release|Any CPU
		{8459B9D2-0F42-43A4-903B-70E23E26C804}.AppStore|Any CPU.Build.0 = Release|Any CPU
		{8459B9D2-0F42-43A4-903B-70E23E26C804}.AppStore|Any CPU.Deploy.0 = Release|Any CPU
		{8459B9D2-0F42-43A4-903B-70E23E26C804}.AppStore|ARM.ActiveCfg = Release|Any CPU
		{8459B9D2-0F42-43A4-903B-70E23E26C804}.AppStore|ARM.Build.0 = Release|Any CPU
		{8459B9D2-0F42-43A4-903B-70E23E26C804}.AppStore|ARM.Deploy.0 = Release|Any CPU
		{8459B9D2-0F42-43A4-903B-70E23E26C804}.AppStore|iPhone.ActiveCfg = Release|Any CPU
		{8459B9D2-0F42-43A4-903B-70E23E26C804}.AppStore|iPhone.Build.0 = Release|Any CPU
		{8459B9D2-0F42-43A4-903B-70E23E26C804}.AppStore|iPhone.Deploy.0 = Release|Any CPU
		{8459B9D2-0F42-43A4-903B-70E23E26C804}.AppStore|iPhoneSimulator.ActiveCfg = Release|Any CPU
		{8459B9D2-0F42-43A4-903B-70E23E26C804}.AppStore|iPhoneSimulator.Build.0 = Release|Any CPU
		{8459B9D2-0F42-43A4-903B-70E23E26C804}.AppStore|iPhoneSimulator.Deploy.0 = Release|Any CPU
		{8459B9D2-0F42-43A4-903B-70E23E26C804}.AppStore|x64.ActiveCfg = Release|Any CPU
		{8459B9D2-0F42-43A4-903B-70E23E26C804}.AppStore|x64.Build.0 = Release|Any CPU
		{8459B9D2-0F42-43A4-903B-70E23E26C804}.AppStore|x64.Deploy.0 = Release|Any CPU
		{8459B9D2-0F42-43A4-903B-70E23E26C804}.AppStore|x86.ActiveCfg = Release|Any CPU
		{8459B9D2-0F42-43A4-903B-70E23E26C804}.AppStore|x86.Build.0 = Release|Any CPU
		{8459B9D2-0F42-43A4-903B-70E23E26C804}.AppStore|x86.Deploy.0 = Release|Any CPU
		{8459B9D2-0F42-43A4-903B-70E23E26C804}.Debug|Any CPU.ActiveCfg = Debug|Any CPU
		{8459B9D2-0F42-43A4-903B-70E23E26C804}.Debug|ARM.ActiveCfg = Debug|Any CPU
		{8459B9D2-0F42-43A4-903B-70E23E26C804}.Debug|ARM.Build.0 = Debug|Any CPU
		{8459B9D2-0F42-43A4-903B-70E23E26C804}.Debug|ARM.Deploy.0 = Debug|Any CPU
		{8459B9D2-0F42-43A4-903B-70E23E26C804}.Debug|iPhone.ActiveCfg = Debug|Any CPU
		{8459B9D2-0F42-43A4-903B-70E23E26C804}.Debug|iPhone.Build.0 = Debug|Any CPU
		{8459B9D2-0F42-43A4-903B-70E23E26C804}.Debug|iPhone.Deploy.0 = Debug|Any CPU
		{8459B9D2-0F42-43A4-903B-70E23E26C804}.Debug|iPhoneSimulator.ActiveCfg = Debug|Any CPU
		{8459B9D2-0F42-43A4-903B-70E23E26C804}.Debug|iPhoneSimulator.Build.0 = Debug|Any CPU
		{8459B9D2-0F42-43A4-903B-70E23E26C804}.Debug|iPhoneSimulator.Deploy.0 = Debug|Any CPU
		{8459B9D2-0F42-43A4-903B-70E23E26C804}.Debug|x64.ActiveCfg = Debug|Any CPU
		{8459B9D2-0F42-43A4-903B-70E23E26C804}.Debug|x64.Build.0 = Debug|Any CPU
		{8459B9D2-0F42-43A4-903B-70E23E26C804}.Debug|x64.Deploy.0 = Debug|Any CPU
		{8459B9D2-0F42-43A4-903B-70E23E26C804}.Debug|x86.ActiveCfg = Debug|Any CPU
		{8459B9D2-0F42-43A4-903B-70E23E26C804}.Debug|x86.Build.0 = Debug|Any CPU
		{8459B9D2-0F42-43A4-903B-70E23E26C804}.Debug|x86.Deploy.0 = Debug|Any CPU
		{8459B9D2-0F42-43A4-903B-70E23E26C804}.Release|Any CPU.ActiveCfg = Release|Any CPU
		{8459B9D2-0F42-43A4-903B-70E23E26C804}.Release|Any CPU.Build.0 = Release|Any CPU
		{8459B9D2-0F42-43A4-903B-70E23E26C804}.Release|Any CPU.Deploy.0 = Release|Any CPU
		{8459B9D2-0F42-43A4-903B-70E23E26C804}.Release|ARM.ActiveCfg = Release|Any CPU
		{8459B9D2-0F42-43A4-903B-70E23E26C804}.Release|ARM.Build.0 = Release|Any CPU
		{8459B9D2-0F42-43A4-903B-70E23E26C804}.Release|ARM.Deploy.0 = Release|Any CPU
		{8459B9D2-0F42-43A4-903B-70E23E26C804}.Release|iPhone.ActiveCfg = Release|Any CPU
		{8459B9D2-0F42-43A4-903B-70E23E26C804}.Release|iPhone.Build.0 = Release|Any CPU
		{8459B9D2-0F42-43A4-903B-70E23E26C804}.Release|iPhone.Deploy.0 = Release|Any CPU
		{8459B9D2-0F42-43A4-903B-70E23E26C804}.Release|iPhoneSimulator.ActiveCfg = Release|Any CPU
		{8459B9D2-0F42-43A4-903B-70E23E26C804}.Release|iPhoneSimulator.Build.0 = Release|Any CPU
		{8459B9D2-0F42-43A4-903B-70E23E26C804}.Release|iPhoneSimulator.Deploy.0 = Release|Any CPU
		{8459B9D2-0F42-43A4-903B-70E23E26C804}.Release|x64.ActiveCfg = Release|Any CPU
		{8459B9D2-0F42-43A4-903B-70E23E26C804}.Release|x64.Build.0 = Release|Any CPU
		{8459B9D2-0F42-43A4-903B-70E23E26C804}.Release|x64.Deploy.0 = Release|Any CPU
		{8459B9D2-0F42-43A4-903B-70E23E26C804}.Release|x86.ActiveCfg = Release|Any CPU
		{8459B9D2-0F42-43A4-903B-70E23E26C804}.Release|x86.Build.0 = Release|Any CPU
		{8459B9D2-0F42-43A4-903B-70E23E26C804}.Release|x86.Deploy.0 = Release|Any CPU
		{0BCA3D88-8B70-4A0D-9783-FE61E8FEF38C}.Ad-Hoc|Any CPU.ActiveCfg = Ad-Hoc|iPhone
		{0BCA3D88-8B70-4A0D-9783-FE61E8FEF38C}.Ad-Hoc|ARM.ActiveCfg = Ad-Hoc|iPhone
		{0BCA3D88-8B70-4A0D-9783-FE61E8FEF38C}.Ad-Hoc|iPhone.ActiveCfg = Ad-Hoc|iPhone
		{0BCA3D88-8B70-4A0D-9783-FE61E8FEF38C}.Ad-Hoc|iPhone.Build.0 = Ad-Hoc|iPhone
		{0BCA3D88-8B70-4A0D-9783-FE61E8FEF38C}.Ad-Hoc|iPhoneSimulator.ActiveCfg = Ad-Hoc|iPhoneSimulator
		{0BCA3D88-8B70-4A0D-9783-FE61E8FEF38C}.Ad-Hoc|iPhoneSimulator.Build.0 = Ad-Hoc|iPhoneSimulator
		{0BCA3D88-8B70-4A0D-9783-FE61E8FEF38C}.Ad-Hoc|x64.ActiveCfg = Ad-Hoc|iPhone
		{0BCA3D88-8B70-4A0D-9783-FE61E8FEF38C}.Ad-Hoc|x86.ActiveCfg = Ad-Hoc|iPhone
		{0BCA3D88-8B70-4A0D-9783-FE61E8FEF38C}.AppStore|Any CPU.ActiveCfg = AppStore|iPhone
		{0BCA3D88-8B70-4A0D-9783-FE61E8FEF38C}.AppStore|ARM.ActiveCfg = AppStore|iPhone
		{0BCA3D88-8B70-4A0D-9783-FE61E8FEF38C}.AppStore|iPhone.ActiveCfg = AppStore|iPhone
		{0BCA3D88-8B70-4A0D-9783-FE61E8FEF38C}.AppStore|iPhone.Build.0 = AppStore|iPhone
		{0BCA3D88-8B70-4A0D-9783-FE61E8FEF38C}.AppStore|iPhoneSimulator.ActiveCfg = AppStore|iPhoneSimulator
		{0BCA3D88-8B70-4A0D-9783-FE61E8FEF38C}.AppStore|iPhoneSimulator.Build.0 = AppStore|iPhoneSimulator
		{0BCA3D88-8B70-4A0D-9783-FE61E8FEF38C}.AppStore|x64.ActiveCfg = AppStore|iPhone
		{0BCA3D88-8B70-4A0D-9783-FE61E8FEF38C}.AppStore|x86.ActiveCfg = AppStore|iPhone
		{0BCA3D88-8B70-4A0D-9783-FE61E8FEF38C}.Debug|Any CPU.ActiveCfg = Debug|iPhone
		{0BCA3D88-8B70-4A0D-9783-FE61E8FEF38C}.Debug|ARM.ActiveCfg = Debug|iPhone
		{0BCA3D88-8B70-4A0D-9783-FE61E8FEF38C}.Debug|iPhone.ActiveCfg = Debug|iPhone
		{0BCA3D88-8B70-4A0D-9783-FE61E8FEF38C}.Debug|iPhone.Build.0 = Debug|iPhone
		{0BCA3D88-8B70-4A0D-9783-FE61E8FEF38C}.Debug|iPhoneSimulator.ActiveCfg = Debug|iPhoneSimulator
		{0BCA3D88-8B70-4A0D-9783-FE61E8FEF38C}.Debug|iPhoneSimulator.Build.0 = Debug|iPhoneSimulator
		{0BCA3D88-8B70-4A0D-9783-FE61E8FEF38C}.Debug|x64.ActiveCfg = Debug|iPhone
		{0BCA3D88-8B70-4A0D-9783-FE61E8FEF38C}.Debug|x86.ActiveCfg = Debug|iPhone
		{0BCA3D88-8B70-4A0D-9783-FE61E8FEF38C}.Release|Any CPU.ActiveCfg = Release|iPhone
		{0BCA3D88-8B70-4A0D-9783-FE61E8FEF38C}.Release|ARM.ActiveCfg = Release|iPhone
		{0BCA3D88-8B70-4A0D-9783-FE61E8FEF38C}.Release|iPhone.ActiveCfg = Release|iPhone
		{0BCA3D88-8B70-4A0D-9783-FE61E8FEF38C}.Release|iPhone.Build.0 = Release|iPhone
		{0BCA3D88-8B70-4A0D-9783-FE61E8FEF38C}.Release|iPhoneSimulator.ActiveCfg = Release|iPhoneSimulator
		{0BCA3D88-8B70-4A0D-9783-FE61E8FEF38C}.Release|iPhoneSimulator.Build.0 = Release|iPhoneSimulator
		{0BCA3D88-8B70-4A0D-9783-FE61E8FEF38C}.Release|x64.ActiveCfg = Release|iPhone
		{0BCA3D88-8B70-4A0D-9783-FE61E8FEF38C}.Release|x86.ActiveCfg = Release|iPhone
		{4ACA0099-E538-444A-8859-8C241FE7F409}.Ad-Hoc|Any CPU.ActiveCfg = Release|x86
		{4ACA0099-E538-444A-8859-8C241FE7F409}.Ad-Hoc|Any CPU.Build.0 = Release|x86
		{4ACA0099-E538-444A-8859-8C241FE7F409}.Ad-Hoc|Any CPU.Deploy.0 = Release|x86
		{4ACA0099-E538-444A-8859-8C241FE7F409}.Ad-Hoc|ARM.ActiveCfg = Release|ARM
		{4ACA0099-E538-444A-8859-8C241FE7F409}.Ad-Hoc|ARM.Build.0 = Release|ARM
		{4ACA0099-E538-444A-8859-8C241FE7F409}.Ad-Hoc|ARM.Deploy.0 = Release|ARM
		{4ACA0099-E538-444A-8859-8C241FE7F409}.Ad-Hoc|iPhone.ActiveCfg = Release|x86
		{4ACA0099-E538-444A-8859-8C241FE7F409}.Ad-Hoc|iPhone.Build.0 = Release|x86
		{4ACA0099-E538-444A-8859-8C241FE7F409}.Ad-Hoc|iPhone.Deploy.0 = Release|x86
		{4ACA0099-E538-444A-8859-8C241FE7F409}.Ad-Hoc|iPhoneSimulator.ActiveCfg = Release|x86
		{4ACA0099-E538-444A-8859-8C241FE7F409}.Ad-Hoc|iPhoneSimulator.Build.0 = Release|x86
		{4ACA0099-E538-444A-8859-8C241FE7F409}.Ad-Hoc|iPhoneSimulator.Deploy.0 = Release|x86
		{4ACA0099-E538-444A-8859-8C241FE7F409}.Ad-Hoc|x64.ActiveCfg = Release|x64
		{4ACA0099-E538-444A-8859-8C241FE7F409}.Ad-Hoc|x64.Build.0 = Release|x64
		{4ACA0099-E538-444A-8859-8C241FE7F409}.Ad-Hoc|x64.Deploy.0 = Release|x64
		{4ACA0099-E538-444A-8859-8C241FE7F409}.Ad-Hoc|x86.ActiveCfg = Release|x86
		{4ACA0099-E538-444A-8859-8C241FE7F409}.Ad-Hoc|x86.Build.0 = Release|x86
		{4ACA0099-E538-444A-8859-8C241FE7F409}.Ad-Hoc|x86.Deploy.0 = Release|x86
		{4ACA0099-E538-444A-8859-8C241FE7F409}.AppStore|Any CPU.ActiveCfg = Release|x86
		{4ACA0099-E538-444A-8859-8C241FE7F409}.AppStore|Any CPU.Build.0 = Release|x86
		{4ACA0099-E538-444A-8859-8C241FE7F409}.AppStore|Any CPU.Deploy.0 = Release|x86
		{4ACA0099-E538-444A-8859-8C241FE7F409}.AppStore|ARM.ActiveCfg = Release|ARM
		{4ACA0099-E538-444A-8859-8C241FE7F409}.AppStore|ARM.Build.0 = Release|ARM
		{4ACA0099-E538-444A-8859-8C241FE7F409}.AppStore|ARM.Deploy.0 = Release|ARM
		{4ACA0099-E538-444A-8859-8C241FE7F409}.AppStore|iPhone.ActiveCfg = Release|x86
		{4ACA0099-E538-444A-8859-8C241FE7F409}.AppStore|iPhone.Build.0 = Release|x86
		{4ACA0099-E538-444A-8859-8C241FE7F409}.AppStore|iPhone.Deploy.0 = Release|x86
		{4ACA0099-E538-444A-8859-8C241FE7F409}.AppStore|iPhoneSimulator.ActiveCfg = Release|x86
		{4ACA0099-E538-444A-8859-8C241FE7F409}.AppStore|iPhoneSimulator.Build.0 = Release|x86
		{4ACA0099-E538-444A-8859-8C241FE7F409}.AppStore|iPhoneSimulator.Deploy.0 = Release|x86
		{4ACA0099-E538-444A-8859-8C241FE7F409}.AppStore|x64.ActiveCfg = Release|x64
		{4ACA0099-E538-444A-8859-8C241FE7F409}.AppStore|x64.Build.0 = Release|x64
		{4ACA0099-E538-444A-8859-8C241FE7F409}.AppStore|x64.Deploy.0 = Release|x64
		{4ACA0099-E538-444A-8859-8C241FE7F409}.AppStore|x86.ActiveCfg = Release|x86
		{4ACA0099-E538-444A-8859-8C241FE7F409}.AppStore|x86.Build.0 = Release|x86
		{4ACA0099-E538-444A-8859-8C241FE7F409}.AppStore|x86.Deploy.0 = Release|x86
		{4ACA0099-E538-444A-8859-8C241FE7F409}.Debug|Any CPU.ActiveCfg = Debug|x86
		{4ACA0099-E538-444A-8859-8C241FE7F409}.Debug|Any CPU.Build.0 = Debug|x86
		{4ACA0099-E538-444A-8859-8C241FE7F409}.Debug|Any CPU.Deploy.0 = Debug|x86
		{4ACA0099-E538-444A-8859-8C241FE7F409}.Debug|ARM.ActiveCfg = Debug|ARM
		{4ACA0099-E538-444A-8859-8C241FE7F409}.Debug|ARM.Build.0 = Debug|ARM
		{4ACA0099-E538-444A-8859-8C241FE7F409}.Debug|ARM.Deploy.0 = Debug|ARM
		{4ACA0099-E538-444A-8859-8C241FE7F409}.Debug|iPhone.ActiveCfg = Debug|x86
		{4ACA0099-E538-444A-8859-8C241FE7F409}.Debug|iPhoneSimulator.ActiveCfg = Debug|x86
		{4ACA0099-E538-444A-8859-8C241FE7F409}.Debug|x64.ActiveCfg = Debug|x64
		{4ACA0099-E538-444A-8859-8C241FE7F409}.Debug|x64.Build.0 = Debug|x64
		{4ACA0099-E538-444A-8859-8C241FE7F409}.Debug|x64.Deploy.0 = Debug|x64
		{4ACA0099-E538-444A-8859-8C241FE7F409}.Debug|x86.ActiveCfg = Debug|x86
		{4ACA0099-E538-444A-8859-8C241FE7F409}.Debug|x86.Build.0 = Debug|x86
		{4ACA0099-E538-444A-8859-8C241FE7F409}.Debug|x86.Deploy.0 = Debug|x86
		{4ACA0099-E538-444A-8859-8C241FE7F409}.Release|Any CPU.ActiveCfg = Release|x86
		{4ACA0099-E538-444A-8859-8C241FE7F409}.Release|ARM.ActiveCfg = Release|ARM
		{4ACA0099-E538-444A-8859-8C241FE7F409}.Release|ARM.Build.0 = Release|ARM
		{4ACA0099-E538-444A-8859-8C241FE7F409}.Release|ARM.Deploy.0 = Release|ARM
		{4ACA0099-E538-444A-8859-8C241FE7F409}.Release|iPhone.ActiveCfg = Release|x86
		{4ACA0099-E538-444A-8859-8C241FE7F409}.Release|iPhoneSimulator.ActiveCfg = Release|x86
		{4ACA0099-E538-444A-8859-8C241FE7F409}.Release|x64.ActiveCfg = Release|x64
		{4ACA0099-E538-444A-8859-8C241FE7F409}.Release|x64.Build.0 = Release|x64
		{4ACA0099-E538-444A-8859-8C241FE7F409}.Release|x64.Deploy.0 = Release|x64
		{4ACA0099-E538-444A-8859-8C241FE7F409}.Release|x86.ActiveCfg = Release|x86
		{4ACA0099-E538-444A-8859-8C241FE7F409}.Release|x86.Build.0 = Release|x86
		{4ACA0099-E538-444A-8859-8C241FE7F409}.Release|x86.Deploy.0 = Release|x86
	EndGlobalSection
	GlobalSection(SolutionProperties) = preSolution
		HideSolutionNode = FALSE
	EndGlobalSection
EndGlobal
